
Microsoft Visual Studio Solution File, Format Version 11.00
# Visual Studio 2010
Project("{FAE04EC0-301F-11D3-BF4B-00C04F79EFBC}") = "ProxyEncryption", "ProxyEncryption\ProxyEncryption.csproj", "{87BE4035-F6D6-4580-862F-BCF943F38276}"
	ProjectSection(ProjectDependencies) = postProject
		{70E10133-0380-41CF-B895-FA930CEF82FD} = {70E10133-0380-41CF-B895-FA930CEF82FD}
	EndProjectSection
EndProject
Project("{FAE04EC0-301F-11D3-BF4B-00C04F79EFBC}") = "Shared", "Shared\Shared.csproj", "{FDA8BF85-B1DE-4D10-8113-2196D45BBFA0}"
EndProject
Project("{FAE04EC0-301F-11D3-BF4B-00C04F79EFBC}") = "PreHoster", "PreHoster\PreHoster.csproj", "{AB13EC54-1178-425A-9FC6-4B7CE9EBCE67}"
EndProject
Project("{8BC9CEB8-8B4A-11D0-8D11-00A0C91BC942}") = "libpre", "libpre\libpre.vcxproj", "{70E10133-0380-41CF-B895-FA930CEF82FD}"
EndProject
Project("{FAE04EC0-301F-11D3-BF4B-00C04F79EFBC}") = "StorageAdmin", "StorageAdmin\StorageAdmin.csproj", "{441426A7-65A5-4664-8FCE-3B0E37ED022C}"
EndProject
Project("{FAE04EC0-301F-11D3-BF4B-00C04F79EFBC}") = "StorageClient", "StorageClient\StorageClient.csproj", "{836E6BDA-992A-4BE0-9D4D-745F14770FD2}"
EndProject
Project("{CC5FD16D-436D-48AD-A40C-5A424C6E3E79}") = "S1", "S1\S1.ccproj", "{944042CB-E07D-49F0-8E8A-38F1E3D851C2}"
EndProject
Project("{FAE04EC0-301F-11D3-BF4B-00C04F79EFBC}") = "S1CloudServices", "S1CloudServices\S1CloudServices.csproj", "{77C3141A-1AFB-4F25-9B00-B3E8A7B9A560}"
	ProjectSection(ProjectDependencies) = postProject
		{87BE4035-F6D6-4580-862F-BCF943F38276} = {87BE4035-F6D6-4580-862F-BCF943F38276}
	EndProjectSection
EndProject
Project("{FAE04EC0-301F-11D3-BF4B-00C04F79EFBC}") = "StorageGateway", "StorageGateway\StorageGateway.csproj", "{F82D9838-D790-4E7A-8E64-37C856D52681}"
EndProject
Global
	GlobalSection(SolutionConfigurationPlatforms) = preSolution
		Debug|Any CPU = Debug|Any CPU
		Debug|Mixed Platforms = Debug|Mixed Platforms
		Debug|Win32 = Debug|Win32
		Debug|x86 = Debug|x86
		Release|Any CPU = Release|Any CPU
		Release|Mixed Platforms = Release|Mixed Platforms
		Release|Win32 = Release|Win32
		Release|x86 = Release|x86
	EndGlobalSection
	GlobalSection(ProjectConfigurationPlatforms) = postSolution
		{87BE4035-F6D6-4580-862F-BCF943F38276}.Debug|Any CPU.ActiveCfg = Debug|x86
		{87BE4035-F6D6-4580-862F-BCF943F38276}.Debug|Any CPU.Build.0 = Debug|x86
		{87BE4035-F6D6-4580-862F-BCF943F38276}.Debug|Mixed Platforms.ActiveCfg = Debug|x86
		{87BE4035-F6D6-4580-862F-BCF943F38276}.Debug|Mixed Platforms.Build.0 = Debug|x86
		{87BE4035-F6D6-4580-862F-BCF943F38276}.Debug|Win32.ActiveCfg = Debug|x86
		{87BE4035-F6D6-4580-862F-BCF943F38276}.Debug|x86.ActiveCfg = Debug|x86
		{87BE4035-F6D6-4580-862F-BCF943F38276}.Debug|x86.Build.0 = Debug|x86
		{87BE4035-F6D6-4580-862F-BCF943F38276}.Release|Any CPU.ActiveCfg = Release|x86
		{87BE4035-F6D6-4580-862F-BCF943F38276}.Release|Any CPU.Build.0 = Release|x86
		{87BE4035-F6D6-4580-862F-BCF943F38276}.Release|Mixed Platforms.ActiveCfg = Release|x86
		{87BE4035-F6D6-4580-862F-BCF943F38276}.Release|Mixed Platforms.Build.0 = Release|x86
		{87BE4035-F6D6-4580-862F-BCF943F38276}.Release|Win32.ActiveCfg = Release|x86
		{87BE4035-F6D6-4580-862F-BCF943F38276}.Release|x86.ActiveCfg = Release|x86
		{87BE4035-F6D6-4580-862F-BCF943F38276}.Release|x86.Build.0 = Release|x86
		{FDA8BF85-B1DE-4D10-8113-2196D45BBFA0}.Debug|Any CPU.ActiveCfg = Debug|Any CPU
		{FDA8BF85-B1DE-4D10-8113-2196D45BBFA0}.Debug|Any CPU.Build.0 = Debug|Any CPU
		{FDA8BF85-B1DE-4D10-8113-2196D45BBFA0}.Debug|Mixed Platforms.ActiveCfg = Debug|Any CPU
		{FDA8BF85-B1DE-4D10-8113-2196D45BBFA0}.Debug|Mixed Platforms.Build.0 = Debug|Any CPU
		{FDA8BF85-B1DE-4D10-8113-2196D45BBFA0}.Debug|Win32.ActiveCfg = Debug|Any CPU
		{FDA8BF85-B1DE-4D10-8113-2196D45BBFA0}.Debug|x86.ActiveCfg = Debug|Any CPU
		{FDA8BF85-B1DE-4D10-8113-2196D45BBFA0}.Release|Any CPU.ActiveCfg = Release|Any CPU
		{FDA8BF85-B1DE-4D10-8113-2196D45BBFA0}.Release|Any CPU.Build.0 = Release|Any CPU
		{FDA8BF85-B1DE-4D10-8113-2196D45BBFA0}.Release|Mixed Platforms.ActiveCfg = Release|Any CPU
		{FDA8BF85-B1DE-4D10-8113-2196D45BBFA0}.Release|Mixed Platforms.Build.0 = Release|Any CPU
		{FDA8BF85-B1DE-4D10-8113-2196D45BBFA0}.Release|Win32.ActiveCfg = Release|Any CPU
		{FDA8BF85-B1DE-4D10-8113-2196D45BBFA0}.Release|x86.ActiveCfg = Release|Any CPU
		{AB13EC54-1178-425A-9FC6-4B7CE9EBCE67}.Debug|Any CPU.ActiveCfg = Debug|x86
		{AB13EC54-1178-425A-9FC6-4B7CE9EBCE67}.Debug|Any CPU.Build.0 = Debug|x86
		{AB13EC54-1178-425A-9FC6-4B7CE9EBCE67}.Debug|Mixed Platforms.ActiveCfg = Debug|x86
		{AB13EC54-1178-425A-9FC6-4B7CE9EBCE67}.Debug|Mixed Platforms.Build.0 = Debug|x86
		{AB13EC54-1178-425A-9FC6-4B7CE9EBCE67}.Debug|Win32.ActiveCfg = Debug|x86
		{AB13EC54-1178-425A-9FC6-4B7CE9EBCE67}.Debug|x86.ActiveCfg = Debug|x86
		{AB13EC54-1178-425A-9FC6-4B7CE9EBCE67}.Debug|x86.Build.0 = Debug|x86
		{AB13EC54-1178-425A-9FC6-4B7CE9EBCE67}.Release|Any CPU.ActiveCfg = Release|x86
		{AB13EC54-1178-425A-9FC6-4B7CE9EBCE67}.Release|Any CPU.Build.0 = Release|x86
		{AB13EC54-1178-425A-9FC6-4B7CE9EBCE67}.Release|Mixed Platforms.ActiveCfg = Release|x86
		{AB13EC54-1178-425A-9FC6-4B7CE9EBCE67}.Release|Mixed Platforms.Build.0 = Release|x86
		{AB13EC54-1178-425A-9FC6-4B7CE9EBCE67}.Release|Win32.ActiveCfg = Release|x86
		{AB13EC54-1178-425A-9FC6-4B7CE9EBCE67}.Release|x86.ActiveCfg = Release|x86
		{AB13EC54-1178-425A-9FC6-4B7CE9EBCE67}.Release|x86.Build.0 = Release|x86
		{70E10133-0380-41CF-B895-FA930CEF82FD}.Debug|Any CPU.ActiveCfg = Debug|Win32
		{70E10133-0380-41CF-B895-FA930CEF82FD}.Debug|Any CPU.Build.0 = Debug|Win32
		{70E10133-0380-41CF-B895-FA930CEF82FD}.Debug|Mixed Platforms.ActiveCfg = Debug|Win32
		{70E10133-0380-41CF-B895-FA930CEF82FD}.Debug|Mixed Platforms.Build.0 = Debug|Win32
		{70E10133-0380-41CF-B895-FA930CEF82FD}.Debug|Win32.ActiveCfg = Debug|Win32
		{70E10133-0380-41CF-B895-FA930CEF82FD}.Debug|Win32.Build.0 = Debug|Win32
		{70E10133-0380-41CF-B895-FA930CEF82FD}.Debug|x86.ActiveCfg = Debug|Win32
		{70E10133-0380-41CF-B895-FA930CEF82FD}.Release|Any CPU.ActiveCfg = Release|Win32
		{70E10133-0380-41CF-B895-FA930CEF82FD}.Release|Any CPU.Build.0 = Release|Win32
		{70E10133-0380-41CF-B895-FA930CEF82FD}.Release|Mixed Platforms.ActiveCfg = Release|Win32
		{70E10133-0380-41CF-B895-FA930CEF82FD}.Release|Mixed Platforms.Build.0 = Release|Win32
		{70E10133-0380-41CF-B895-FA930CEF82FD}.Release|Win32.ActiveCfg = Release|Win32
		{70E10133-0380-41CF-B895-FA930CEF82FD}.Release|Win32.Build.0 = Release|Win32
		{70E10133-0380-41CF-B895-FA930CEF82FD}.Release|x86.ActiveCfg = Release|Win32
		{441426A7-65A5-4664-8FCE-3B0E37ED022C}.Debug|Any CPU.ActiveCfg = Debug|Any CPU
		{441426A7-65A5-4664-8FCE-3B0E37ED022C}.Debug|Any CPU.Build.0 = Debug|Any CPU
		{441426A7-65A5-4664-8FCE-3B0E37ED022C}.Debug|Mixed Platforms.ActiveCfg = Debug|Any CPU
		{441426A7-65A5-4664-8FCE-3B0E37ED022C}.Debug|Mixed Platforms.Build.0 = Debug|Any CPU
		{441426A7-65A5-4664-8FCE-3B0E37ED022C}.Debug|Win32.ActiveCfg = Debug|x86
		{441426A7-65A5-4664-8FCE-3B0E37ED022C}.Debug|x86.ActiveCfg = Debug|x86
		{441426A7-65A5-4664-8FCE-3B0E37ED022C}.Debug|x86.Build.0 = Debug|x86
		{441426A7-65A5-4664-8FCE-3B0E37ED022C}.Release|Any CPU.ActiveCfg = Release|Any CPU
		{441426A7-65A5-4664-8FCE-3B0E37ED022C}.Release|Any CPU.Build.0 = Release|Any CPU
		{441426A7-65A5-4664-8FCE-3B0E37ED022C}.Release|Mixed Platforms.ActiveCfg = Release|Any CPU
		{441426A7-65A5-4664-8FCE-3B0E37ED022C}.Release|Mixed Platforms.Build.0 = Release|Any CPU
		{441426A7-65A5-4664-8FCE-3B0E37ED022C}.Release|Win32.ActiveCfg = Release|x86
		{441426A7-65A5-4664-8FCE-3B0E37ED022C}.Release|x86.ActiveCfg = Release|x86
		{441426A7-65A5-4664-8FCE-3B0E37ED022C}.Release|x86.Build.0 = Release|x86
		{836E6BDA-992A-4BE0-9D4D-745F14770FD2}.Debug|Any CPU.ActiveCfg = Debug|Any CPU
		{836E6BDA-992A-4BE0-9D4D-745F14770FD2}.Debug|Any CPU.Build.0 = Debug|Any CPU
		{836E6BDA-992A-4BE0-9D4D-745F14770FD2}.Debug|Mixed Platforms.ActiveCfg = Debug|Any CPU
		{836E6BDA-992A-4BE0-9D4D-745F14770FD2}.Debug|Mixed Platforms.Build.0 = Debug|Any CPU
		{836E6BDA-992A-4BE0-9D4D-745F14770FD2}.Debug|Win32.ActiveCfg = Debug|x86
		{836E6BDA-992A-4BE0-9D4D-745F14770FD2}.Debug|x86.ActiveCfg = Debug|x86
		{836E6BDA-992A-4BE0-9D4D-745F14770FD2}.Debug|x86.Build.0 = Debug|x86
		{836E6BDA-992A-4BE0-9D4D-745F14770FD2}.Release|Any CPU.ActiveCfg = Release|Any CPU
		{836E6BDA-992A-4BE0-9D4D-745F14770FD2}.Release|Any CPU.Build.0 = Release|Any CPU
		{836E6BDA-992A-4BE0-9D4D-745F14770FD2}.Release|Mixed Platforms.ActiveCfg = Release|Any CPU
		{836E6BDA-992A-4BE0-9D4D-745F14770FD2}.Release|Mixed Platforms.Build.0 = Release|Any CPU
		{836E6BDA-992A-4BE0-9D4D-745F14770FD2}.Release|Win32.ActiveCfg = Release|x86
		{836E6BDA-992A-4BE0-9D4D-745F14770FD2}.Release|x86.ActiveCfg = Release|x86
		{836E6BDA-992A-4BE0-9D4D-745F14770FD2}.Release|x86.Build.0 = Release|x86
		{944042CB-E07D-49F0-8E8A-38F1E3D851C2}.Debug|Any CPU.ActiveCfg = Debug|Any CPU
		{944042CB-E07D-49F0-8E8A-38F1E3D851C2}.Debug|Any CPU.Build.0 = Debug|Any CPU
		{944042CB-E07D-49F0-8E8A-38F1E3D851C2}.Debug|Mixed Platforms.ActiveCfg = Debug|Any CPU
		{944042CB-E07D-49F0-8E8A-38F1E3D851C2}.Debug|Mixed Platforms.Build.0 = Debug|Any CPU
		{944042CB-E07D-49F0-8E8A-38F1E3D851C2}.Debug|Win32.ActiveCfg = Debug|Any CPU
		{944042CB-E07D-49F0-8E8A-38F1E3D851C2}.Debug|x86.ActiveCfg = Debug|Any CPU
		{944042CB-E07D-49F0-8E8A-38F1E3D851C2}.Release|Any CPU.ActiveCfg = Release|Any CPU
		{944042CB-E07D-49F0-8E8A-38F1E3D851C2}.Release|Any CPU.Build.0 = Release|Any CPU
		{944042CB-E07D-49F0-8E8A-38F1E3D851C2}.Release|Mixed Platforms.ActiveCfg = Release|Any CPU
		{944042CB-E07D-49F0-8E8A-38F1E3D851C2}.Release|Mixed Platforms.Build.0 = Release|Any CPU
		{944042CB-E07D-49F0-8E8A-38F1E3D851C2}.Release|Win32.ActiveCfg = Release|Any CPU
		{944042CB-E07D-49F0-8E8A-38F1E3D851C2}.Release|x86.ActiveCfg = Release|Any CPU
		{77C3141A-1AFB-4F25-9B00-B3E8A7B9A560}.Debug|Any CPU.ActiveCfg = Debug|Any CPU
		{77C3141A-1AFB-4F25-9B00-B3E8A7B9A560}.Debug|Any CPU.Build.0 = Debug|Any CPU
		{77C3141A-1AFB-4F25-9B00-B3E8A7B9A560}.Debug|Mixed Platforms.ActiveCfg = Debug|Any CPU
		{77C3141A-1AFB-4F25-9B00-B3E8A7B9A560}.Debug|Mixed Platforms.Build.0 = Debug|Any CPU
		{77C3141A-1AFB-4F25-9B00-B3E8A7B9A560}.Debug|Win32.ActiveCfg = Debug|Any CPU
		{77C3141A-1AFB-4F25-9B00-B3E8A7B9A560}.Debug|x86.ActiveCfg = Debug|Any CPU
		{77C3141A-1AFB-4F25-9B00-B3E8A7B9A560}.Release|Any CPU.ActiveCfg = Release|Any CPU
		{77C3141A-1AFB-4F25-9B00-B3E8A7B9A560}.Release|Any CPU.Build.0 = Release|Any CPU
		{77C3141A-1AFB-4F25-9B00-B3E8A7B9A560}.Release|Mixed Platforms.ActiveCfg = Release|Any CPU
		{77C3141A-1AFB-4F25-9B00-B3E8A7B9A560}.Release|Mixed Platforms.Build.0 = Release|Any CPU
		{77C3141A-1AFB-4F25-9B00-B3E8A7B9A560}.Release|Win32.ActiveCfg = Release|Any CPU
		{77C3141A-1AFB-4F25-9B00-B3E8A7B9A560}.Release|x86.ActiveCfg = Release|Any CPU
		{F82D9838-D790-4E7A-8E64-37C856D52681}.Debug|Any CPU.ActiveCfg = Debug|Any CPU
		{F82D9838-D790-4E7A-8E64-37C856D52681}.Debug|Any CPU.Build.0 = Debug|Any CPU
		{F82D9838-D790-4E7A-8E64-37C856D52681}.Debug|Mixed Platforms.ActiveCfg = Debug|Any CPU
		{F82D9838-D790-4E7A-8E64-37C856D52681}.Debug|Mixed Platforms.Build.0 = Debug|Any CPU
		{F82D9838-D790-4E7A-8E64-37C856D52681}.Debug|Win32.ActiveCfg = Debug|x86
		{F82D9838-D790-4E7A-8E64-37C856D52681}.Debug|x86.ActiveCfg = Debug|x86
		{F82D9838-D790-4E7A-8E64-37C856D52681}.Debug|x86.Build.0 = Debug|x86
		{F82D9838-D790-4E7A-8E64-37C856D52681}.Release|Any CPU.ActiveCfg = Release|Any CPU
		{F82D9838-D790-4E7A-8E64-37C856D52681}.Release|Any CPU.Build.0 = Release|Any CPU
		{F82D9838-D790-4E7A-8E64-37C856D52681}.Release|Mixed Platforms.ActiveCfg = Release|Any CPU
		{F82D9838-D790-4E7A-8E64-37C856D52681}.Release|Mixed Platforms.Build.0 = Release|Any CPU
		{F82D9838-D790-4E7A-8E64-37C856D52681}.Release|Win32.ActiveCfg = Release|x86
		{F82D9838-D790-4E7A-8E64-37C856D52681}.Release|x86.ActiveCfg = Release|x86
		{F82D9838-D790-4E7A-8E64-37C856D52681}.Release|x86.Build.0 = Release|x86
	EndGlobalSection
	GlobalSection(SolutionProperties) = preSolution
		HideSolutionNode = FALSE
	EndGlobalSection
EndGlobal
